{
  "name": "MusicWebsite",
  "lockfileVersion": 3,
  "requires": true,
  "packages": {
    "": {
      "dependencies": {
        "@socket.io/sticky": "^1.0.4"
      }
    },
    "node_modules/@socket.io/sticky": {
      "version": "1.0.4",
      "resolved": "https://registry.npmjs.org/@socket.io/sticky/-/sticky-1.0.4.tgz",
      "integrity": "sha512-VuauT5CJLvzYtKIgouFSQ8rUaygseR+zRutnwh6ZA2QYcXx+8g52EoJ8V2SLxfo+Tfs3ELUDy08oEXxlWNrxaw==",
      "license": "MIT"
    }
  }
}
